
Microsoft Visual Studio Solution File, Format Version 12.00
# Visual Studio Version 17
VisualStudioVersion = 17.0.32014.148
MinimumVisualStudioVersion = 10.0.40219.1
Project("{FAE04EC0-301F-11D3-BF4B-00C04F79EFBC}") = "WTFRenamer", "WTFRenamer\WTFRenamer.csproj", "{00FC809F-E886-4C5B-9A00-E6D8CB1FFE52}"
EndProject
Global
	GlobalSection(SolutionConfigurationPlatforms) = preSolution
		Debug|Any CPU = Debug|Any CPU
		Release|Any CPU = Release|Any CPU
	EndGlobalSection
	GlobalSection(ProjectConfigurationPlatforms) = postSolution
		{00FC809F-E886-4C5B-9A00-E6D8CB1FFE52}.Debug|Any CPU.ActiveCfg = Debug|Any CPU
		{00FC809F-E886-4C5B-9A00-E6D8CB1FFE52}.Debug|Any CPU.Build.0 = Debug|Any CPU
		{00FC809F-E886-4C5B-9A00-E6D8CB1FFE52}.Release|Any CPU.ActiveCfg = Release|Any CPU
		{00FC809F-E886-4C5B-9A00-E6D8CB1FFE52}.Release|Any CPU.Build.0 = Release|Any CPU
	EndGlobalSection
	GlobalSection(SolutionProperties) = preSolution
		HideSolutionNode = FALSE
	EndGlobalSection
	GlobalSection(ExtensibilityGlobals) = postSolution
		SolutionGuid = {5FF37FC7-789C-4F36-8231-90037F4F7F46}
	EndGlobalSection
EndGlobal
